// !$*UTF8*$!
{
	archiveVersion = 1;
	classes = {
	};
	objectVersion = 50;
	objects = {

/* Begin PBXBuildFile section */
		E68AD0AD2124D7C4007C6D2F /* AppDelegate.swift in Sources */ = {isa = PBXBuildFile; fileRef = E68AD0AC2124D7C4007C6D2F /* AppDelegate.swift */; };
		E68AD0AF2124D7C4007C6D2F /* CategoriesVC.swift in Sources */ = {isa = PBXBuildFile; fileRef = E68AD0AE2124D7C4007C6D2F /* CategoriesVC.swift */; };
		E68AD0B22124D7C4007C6D2F /* Main.storyboard in Resources */ = {isa = PBXBuildFile; fileRef = E68AD0B02124D7C4007C6D2F /* Main.storyboard */; };
		E68AD0B42124D7C6007C6D2F /* Assets.xcassets in Resources */ = {isa = PBXBuildFile; fileRef = E68AD0B32124D7C6007C6D2F /* Assets.xcassets */; };
		E68AD0B72124D7C6007C6D2F /* LaunchScreen.storyboard in Resources */ = {isa = PBXBuildFile; fileRef = E68AD0B52124D7C6007C6D2F /* LaunchScreen.storyboard */; };
		E68AD0C22124DBE6007C6D2F /* CategoryCell.swift in Sources */ = {isa = PBXBuildFile; fileRef = E68AD0C12124DBE6007C6D2F /* CategoryCell.swift */; };
		E68AD0C42124E106007C6D2F /* Category.swift in Sources */ = {isa = PBXBuildFile; fileRef = E68AD0C32124E106007C6D2F /* Category.swift */; };
		E68AD0C72124E27F007C6D2F /* dataService.swift in Sources */ = {isa = PBXBuildFile; fileRef = E68AD0C62124E27F007C6D2F /* dataService.swift */; };
/* End PBXBuildFile section */

/* Begin PBXFileReference section */
		E68AD0A92124D7C4007C6D2F /* swag.app */ = {isa = PBXFileReference; explicitFileType = wrapper.application; includeInIndex = 0; path = swag.app; sourceTree = BUILT_PRODUCTS_DIR; };
		E68AD0AC2124D7C4007C6D2F /* AppDelegate.swift */ = {isa = PBXFileReference; lastKnownFileType = sourcecode.swift; path = AppDelegate.swift; sourceTree = "<group>"; };
		E68AD0AE2124D7C4007C6D2F /* CategoriesVC.swift */ = {isa = PBXFileReference; lastKnownFileType = sourcecode.swift; path = CategoriesVC.swift; sourceTree = "<group>"; };
		E68AD0B12124D7C4007C6D2F /* Base */ = {isa = PBXFileReference; lastKnownFileType = file.storyboard; name = Base; path = Base.lproj/Main.storyboard; sourceTree = "<group>"; };
		E68AD0B32124D7C6007C6D2F /* Assets.xcassets */ = {isa = PBXFileReference; lastKnownFileType = folder.assetcatalog; path = Assets.xcassets; sourceTree = "<group>"; };
		E68AD0B62124D7C6007C6D2F /* Base */ = {isa = PBXFileReference; lastKnownFileType = file.storyboard; name = Base; path = Base.lproj/LaunchScreen.storyboard; sourceTree = "<group>"; };
		E68AD0B82124D7C6007C6D2F /* Info.plist */ = {isa = PBXFileReference; lastKnownFileType = text.plist.xml; path = Info.plist; sourceTree = "<group>"; };
		E68AD0C12124DBE6007C6D2F /* CategoryCell.swift */ = {isa = PBXFileReference; lastKnownFileType = sourcecode.swift; path = CategoryCell.swift; sourceTree = "<group>"; };
		E68AD0C32124E106007C6D2F /* Category.swift */ = {isa = PBXFileReference; lastKnownFileType = sourcecode.swift; path = Category.swift; sourceTree = "<group>"; };
		E68AD0C62124E27F007C6D2F /* dataService.swift */ = {isa = PBXFileReference; lastKnownFileType = sourcecode.swift; path = dataService.swift; sourceTree = "<group>"; };
/* End PBXFileReference section */

/* Begin PBXFrameworksBuildPhase section */
		E68AD0A62124D7C4007C6D2F /* Frameworks */ = {
			isa = PBXFrameworksBuildPhase;
			buildActionMask = 2147483647;
			files = (
			);
			runOnlyForDeploymentPostprocessing = 0;
		};
/* End PBXFrameworksBuildPhase section */

/* Begin PBXGroup section */
		E68AD0A02124D7C4007C6D2F = {
			isa = PBXGroup;
			children = (
				E68AD0AB2124D7C4007C6D2F /* swag */,
				E68AD0AA2124D7C4007C6D2F /* Products */,
			);
			sourceTree = "<group>";
		};
		E68AD0AA2124D7C4007C6D2F /* Products */ = {
			isa = PBXGroup;
			children = (
				E68AD0A92124D7C4007C6D2F /* swag.app */,
			);
			name = Products;
			sourceTree = "<group>";
		};
		E68AD0AB2124D7C4007C6D2F /* swag */ = {
			isa = PBXGroup;
			children = (
				E68AD0C52124E26B007C6D2F /* services */,
				E68AD0C02124DBAF007C6D2F /* View */,
				E68AD0BF2124DB6E007C6D2F /* Model */,
				E68AD0BE2124DB65007C6D2F /* Controller */,
				E68AD0AC2124D7C4007C6D2F /* AppDelegate.swift */,
				E68AD0B02124D7C4007C6D2F /* Main.storyboard */,
				E68AD0B32124D7C6007C6D2F /* Assets.xcassets */,
				E68AD0B52124D7C6007C6D2F /* LaunchScreen.storyboard */,
				E68AD0B82124D7C6007C6D2F /* Info.plist */,
			);
			path = swag;
			sourceTree = "<group>";
		};
		E68AD0BE2124DB65007C6D2F /* Controller */ = {
			isa = PBXGroup;
			children = (
				E68AD0AE2124D7C4007C6D2F /* CategoriesVC.swift */,
			);
			path = Controller;
			sourceTree = "<group>";
		};
		E68AD0BF2124DB6E007C6D2F /* Model */ = {
			isa = PBXGroup;
			children = (
				E68AD0C32124E106007C6D2F /* Category.swift */,
			);
			path = Model;
			sourceTree = "<group>";
		};
		E68AD0C02124DBAF007C6D2F /* View */ = {
			isa = PBXGroup;
			children = (
				E68AD0C12124DBE6007C6D2F /* CategoryCell.swift */,
			);
			path = View;
			sourceTree = "<group>";
		};
		E68AD0C52124E26B007C6D2F /* services */ = {
			isa = PBXGroup;
			children = (
				E68AD0C62124E27F007C6D2F /* dataService.swift */,
			);
			path = services;
			sourceTree = "<group>";
		};
/* End PBXGroup section */

/* Begin PBXNativeTarget section */
		E68AD0A82124D7C4007C6D2F /* swag */ = {
			isa = PBXNativeTarget;
			buildConfigurationList = E68AD0BB2124D7C6007C6D2F /* Build configuration list for PBXNativeTarget "swag" */;
			buildPhases = (
				E68AD0A52124D7C4007C6D2F /* Sources */,
				E68AD0A62124D7C4007C6D2F /* Frameworks */,
				E68AD0A72124D7C4007C6D2F /* Resources */,
			);
			buildRules = (
			);
			dependencies = (
			);
			name = swag;
			productName = swag;
			productReference = E68AD0A92124D7C4007C6D2F /* swag.app */;
			productType = "com.apple.product-type.application";
		};
/* End PBXNativeTarget section */

/* Begin PBXProject section */
		E68AD0A12124D7C4007C6D2F /* Project object */ = {
			isa = PBXProject;
			attributes = {
				LastSwiftUpdateCheck = 0940;
				LastUpgradeCheck = 0940;
				ORGANIZATIONNAME = "Nehal Soni";
				TargetAttributes = {
					E68AD0A82124D7C4007C6D2F = {
						CreatedOnToolsVersion = 9.4.1;
					};
				};
			};
			buildConfigurationList = E68AD0A42124D7C4007C6D2F /* Build configuration list for PBXProject "swag" */;
			compatibilityVersion = "Xcode 9.3";
			developmentRegion = en;
			hasScannedForEncodings = 0;
			knownRegions = (
				en,
				Base,
			);
			mainGroup = E68AD0A02124D7C4007C6D2F;
			productRefGroup = E68AD0AA2124D7C4007C6D2F /* Products */;
			projectDirPath = "";
			projectRoot = "";
			targets = (
				E68AD0A82124D7C4007C6D2F /* swag */,
			);
		};
/* End PBXProject section */

/* Begin PBXResourcesBuildPhase section */
		E68AD0A72124D7C4007C6D2F /* Resources */ = {
			isa = PBXResourcesBuildPhase;
			buildActionMask = 2147483647;
			files = (
				E68AD0B72124D7C6007C6D2F /* LaunchScreen.storyboard in Resources */,
				E68AD0B42124D7C6007C6D2F /* Assets.xcassets in Resources */,
				E68AD0B22124D7C4007C6D2F /* Main.storyboard in Resources */,
			);
			runOnlyForDeploymentPostprocessing = 0;
		};
/* End PBXResourcesBuildPhase section */

/* Begin PBXSourcesBuildPhase section */
		E68AD0A52124D7C4007C6D2F /* Sources */ = {
			isa = PBXSourcesBuildPhase;
			buildActionMask = 2147483647;
			files = (
				E68AD0AF2124D7C4007C6D2F /* CategoriesVC.swift in Sources */,
				E68AD0C22124DBE6007C6D2F /* CategoryCell.swift in Sources */,
				E68AD0AD2124D7C4007C6D2F /* AppDelegate.swift in Sources */,
				E68AD0C42124E106007C6D2F /* Category.swift in Sources */,
				E68AD0C72124E27F007C6D2F /* dataService.swift in Sources */,
			);
			runOnlyForDeploymentPostprocessing = 0;
		};
/* End PBXSourcesBuildPhase section */

/* Begin PBXVariantGroup section */
		E68AD0B02124D7C4007C6D2F /* Main.storyboard */ = {
			isa = PBXVariantGroup;
			children = (
				E68AD0B12124D7C4007C6D2F /* Base */,
			);
			name = Main.storyboard;
			sourceTree = "<group>";
		};
		E68AD0B52124D7C6007C6D2F /* LaunchScreen.storyboard */ = {
			isa = PBXVariantGroup;
			children = (
				E68AD0B62124D7C6007C6D2F /* Base */,
			);
			name = LaunchScreen.storyboard;
			sourceTree = "<group>";
		};
/* End PBXVariantGroup section */

/* Begin XCBuildConfiguration section */
		E68AD0B92124D7C6007C6D2F /* Debug */ = {
			isa = XCBuildConfiguration;
			buildSettings = {
				ALWAYS_SEARCH_USER_PATHS = NO;
				CLANG_ANALYZER_NONNULL = YES;
				CLANG_ANALYZER_NUMBER_OBJECT_CONVERSION = YES_AGGRESSIVE;
				CLANG_CXX_LANGUAGE_STANDARD = "gnu++14";
				CLANG_CXX_LIBRARY = "libc++";
				CLANG_ENABLE_MODULES = YES;
				CLANG_ENABLE_OBJC_ARC = YES;
				CLANG_ENABLE_OBJC_WEAK = YES;
				CLANG_WARN_BLOCK_CAPTURE_AUTORELEASING = YES;
				CLANG_WARN_BOOL_CONVERSION = YES;
				CLANG_WARN_COMMA = YES;
				CLANG_WARN_CONSTANT_CONVERSION = YES;
				CLANG_WARN_DEPRECATED_OBJC_IMPLEMENTATIONS = YES;
				CLANG_WARN_DIRECT_OBJC_ISA_USAGE = YES_ERROR;
				CLANG_WARN_DOCUMENTATION_COMMENTS = YES;
				CLANG_WARN_EMPTY_BODY = YES;
				CLANG_WARN_ENUM_CONVERSION = YES;
				CLANG_WARN_INFINITE_RECURSION = YES;
				CLANG_WARN_INT_CONVERSION = YES;
				CLANG_WARN_NON_LITERAL_NULL_CONVERSION = YES;
				CLANG_WARN_OBJC_IMPLICIT_RETAIN_SELF = YES;
				CLANG_WARN_OBJC_LITERAL_CONVERSION = YES;
				CLANG_WARN_OBJC_ROOT_CLASS = YES_ERROR;
				CLANG_WARN_RANGE_LOOP_ANALYSIS = YES;
				CLANG_WARN_STRICT_PROTOTYPES = YES;
				CLANG_WARN_SUSPICIOUS_MOVE = YES;
				CLANG_WARN_UNGUARDED_AVAILABILITY = YES_AGGRESSIVE;
				CLANG_WARN_UNREACHABLE_CODE = YES;
				CLANG_WARN__DUPLICATE_METHOD_MATCH = YES;
				CODE_SIGN_IDENTITY = "iPhone Developer";
				COPY_PHASE_STRIP = NO;
				DEBUG_INFORMATION_FORMAT = dwarf;
				ENABLE_STRICT_OBJC_MSGSEND = YES;
				ENABLE_TESTABILITY = YES;
				GCC_C_LANGUAGE_STANDARD = gnu11;
				GCC_DYNAMIC_NO_PIC = NO;
				GCC_NO_COMMON_BLOCKS = YES;
				GCC_OPTIMIZATION_LEVEL = 0;
				GCC_PREPROCESSOR_DEFINITIONS = (
					"DEBUG=1",
					"$(inherited)",
				);
				GCC_WARN_64_TO_32_BIT_CONVERSION = YES;
				GCC_WARN_ABOUT_RETURN_TYPE = YES_ERROR;
				GCC_WARN_UNDECLARED_SELECTOR = YES;
				GCC_WARN_UNINITIALIZED_AUTOS = YES_AGGRESSIVE;
				GCC_WARN_UNUSED_FUNCTION = YES;
				GCC_WARN_UNUSED_VARIABLE = YES;
				IPHONEOS_DEPLOYMENT_TARGET = 11.4;
				MTL_ENABLE_DEBUG_INFO = YES;
				ONLY_ACTIVE_ARCH = YES;
				SDKROOT = iphoneos;
				SWIFT_ACTIVE_COMPILATION_CONDITIONS = DEBUG;
				SWIFT_OPTIMIZATION_LEVEL = "-Onone";
			};
			name = Debug;
		};
		E68AD0BA2124D7C6007C6D2F /* Release */ = {
			isa = XCBuildConfiguration;
			buildSettings = {
				ALWAYS_SEARCH_USER_PATHS = NO;
				CLANG_ANALYZER_NONNULL = YES;
				CLANG_ANALYZER_NUMBER_OBJECT_CONVERSION = YES_AGGRESSIVE;
				CLANG_CXX_LANGUAGE_STANDARD = "gnu++14";
				CLANG_CXX_LIBRARY = "libc++";
				CLANG_ENABLE_MODULES = YES;
				CLANG_ENABLE_OBJC_ARC = YES;
				CLANG_ENABLE_OBJC_WEAK = YES;
				CLANG_WARN_BLOCK_CAPTURE_AUTORELEASING = YES;
				CLANG_WARN_BOOL_CONVERSION = YES;
				CLANG_WARN_COMMA = YES;
				CLANG_WARN_CONSTANT_CONVERSION = YES;
				CLANG_WARN_DEPRECATED_OBJC_IMPLEMENTATIONS = YES;
				CLANG_WARN_DIRECT_OBJC_ISA_USAGE = YES_ERROR;
				CLANG_WARN_DOCUMENTATION_COMMENTS = YES;
				CLANG_WARN_EMPTY_BODY = YES;
				CLANG_WARN_ENUM_CONVERSION = YES;
				CLANG_WARN_INFINITE_RECURSION = YES;
				CLANG_WARN_INT_CONVERSION = YES;
				CLANG_WARN_NON_LITERAL_NULL_CONVERSION = YES;
				CLANG_WARN_OBJC_IMPLICIT_RETAIN_SELF = YES;
				CLANG_WARN_OBJC_LITERAL_CONVERSION = YES;
				CLANG_WARN_OBJC_ROOT_CLASS = YES_ERROR;
				CLANG_WARN_RANGE_LOOP_ANALYSIS = YES;
				CLANG_WARN_STRICT_PROTOTYPES = YES;
				CLANG_WARN_SUSPICIOUS_MOVE = YES;
				CLANG_WARN_UNGUARDED_AVAILABILITY = YES_AGGRESSIVE;
				CLANG_WARN_UNREACHABLE_CODE = YES;
				CLANG_WARN__DUPLICATE_METHOD_MATCH = YES;
				CODE_SIGN_IDENTITY = "iPhone Developer";
				COPY_PHASE_STRIP = NO;
				DEBUG_INFORMATION_FORMAT = "dwarf-with-dsym";
				ENABLE_NS_ASSERTIONS = NO;
				ENABLE_STRICT_OBJC_MSGSEND = YES;
				GCC_C_LANGUAGE_STANDARD = gnu11;
				GCC_NO_COMMON_BLOCKS = YES;
				GCC_WARN_64_TO_32_BIT_CONVERSION = YES;
				GCC_WARN_ABOUT_RETURN_TYPE = YES_ERROR;
				GCC_WARN_UNDECLARED_SELECTOR = YES;
				GCC_WARN_UNINITIALIZED_AUTOS = YES_AGGRESSIVE;
				GCC_WARN_UNUSED_FUNCTION = YES;
				GCC_WARN_UNUSED_VARIABLE = YES;
				IPHONEOS_DEPLOYMENT_TARGET = 11.4;
				MTL_ENABLE_DEBUG_INFO = NO;
				SDKROOT = iphoneos;
				SWIFT_COMPILATION_MODE = wholemodule;
				SWIFT_OPTIMIZATION_LEVEL = "-O";
				VALIDATE_PRODUCT = YES;
			};
			name = Release;
		};
		E68AD0BC2124D7C6007C6D2F /* Debug */ = {
			isa = XCBuildConfiguration;
			buildSettings = {
				ASSETCATALOG_COMPILER_APPICON_NAME = AppIcon;
				CODE_SIGN_STYLE = Automatic;
				INFOPLIST_FILE = swag/Info.plist;
				LD_RUNPATH_SEARCH_PATHS = (
					"$(inherited)",
					"@executable_path/Frameworks",
				);
				PRODUCT_BUNDLE_IDENTIFIER = apps360ltd.swag;
				PRODUCT_NAME = "$(TARGET_NAME)";
				SWIFT_VERSION = 4.0;
				TARGETED_DEVICE_FAMILY = "1,2";
			};
			name = Debug;
		};
		E68AD0BD2124D7C6007C6D2F /* Release */ = {
			isa = XCBuildConfiguration;
			buildSettings = {
				ASSETCATALOG_COMPILER_APPICON_NAME = AppIcon;
				CODE_SIGN_STYLE = Automatic;
				INFOPLIST_FILE = swag/Info.plist;
				LD_RUNPATH_SEARCH_PATHS = (
					"$(inherited)",
					"@executable_path/Frameworks",
				);
				PRODUCT_BUNDLE_IDENTIFIER = apps360ltd.swag;
				PRODUCT_NAME = "$(TARGET_NAME)";
				SWIFT_VERSION = 4.0;
				TARGETED_DEVICE_FAMILY = "1,2";
			};
			name = Release;
		};
/* End XCBuildConfiguration section */

/* Begin XCConfigurationList section */
		E68AD0A42124D7C4007C6D2F /* Build configuration list for PBXProject "swag" */ = {
			isa = XCConfigurationList;
			buildConfigurations = (
				E68AD0B92124D7C6007C6D2F /* Debug */,
				E68AD0BA2124D7C6007C6D2F /* Release */,
			);
			defaultConfigurationIsVisible = 0;
			defaultConfigurationName = Release;
		};
		E68AD0BB2124D7C6007C6D2F /* Build configuration list for PBXNativeTarget "swag" */ = {
			isa = XCConfigurationList;
			buildConfigurations = (
				E68AD0BC2124D7C6007C6D2F /* Debug */,
				E68AD0BD2124D7C6007C6D2F /* Release */,
			);
			defaultConfigurationIsVisible = 0;
			defaultConfigurationName = Release;
		};
/* End XCConfigurationList section */
	};
	rootObject = E68AD0A12124D7C4007C6D2F /* Project object */;
}
